
Microsoft Visual Studio Solution File, Format Version 12.00
# Visual Studio Version 17
VisualStudioVersion = 17.8.34408.163
MinimumVisualStudioVersion = 10.0.40219.1
Project("{8BC9CEB8-8B4A-11D0-8D11-00A0C91BC942}") = "tfd", "tfd\tfd.vcxproj", "{1118B350-D543-424F-8049-1849D59509AE}"
EndProject
Project("{8BC9CEB8-8B4A-11D0-8D11-00A0C91BC942}") = "tfd-sandbox", "tfd-sandbox\tfd-sandbox.vcxproj", "{14691197-BC53-421D-BF6E-52BD78323A90}"
EndProject
Global
	GlobalSection(SolutionConfigurationPlatforms) = preSolution
		Debug|x64 = Debug|x64
		Release|x64 = Release|x64
	EndGlobalSection
	GlobalSection(ProjectConfigurationPlatforms) = postSolution
		{1118B350-D543-424F-8049-1849D59509AE}.Debug|x64.ActiveCfg = Debug|x64
		{1118B350-D543-424F-8049-1849D59509AE}.Debug|x64.Build.0 = Debug|x64
		{1118B350-D543-424F-8049-1849D59509AE}.Release|x64.ActiveCfg = Release|x64
		{1118B350-D543-424F-8049-1849D59509AE}.Release|x64.Build.0 = Release|x64
		{14691197-BC53-421D-BF6E-52BD78323A90}.Debug|x64.ActiveCfg = Debug|x64
		{14691197-BC53-421D-BF6E-52BD78323A90}.Debug|x64.Build.0 = Debug|x64
		{14691197-BC53-421D-BF6E-52BD78323A90}.Release|x64.ActiveCfg = Release|x64
		{14691197-BC53-421D-BF6E-52BD78323A90}.Release|x64.Build.0 = Release|x64
	EndGlobalSection
	GlobalSection(SolutionProperties) = preSolution
		HideSolutionNode = FALSE
	EndGlobalSection
	GlobalSection(ExtensibilityGlobals) = postSolution
		SolutionGuid = {291849CE-AC64-4EED-8085-26431598D396}
	EndGlobalSection
EndGlobal
